
Microsoft Visual Studio Solution File, Format Version 12.00
# Visual Studio Version 16
VisualStudioVersion = 16.0.31424.327
MinimumVisualStudioVersion = 10.0.40219.1
Project("{FAE04EC0-301F-11D3-BF4B-00C04F79EFBC}") = "APICatalogJogos", "APICatalogJogos\APICatalogJogos.csproj", "{36B5393F-730E-4A8F-8F35-D20543B51F01}"
EndProject
Global
	GlobalSection(SolutionConfigurationPlatforms) = preSolution
		Debug|Any CPU = Debug|Any CPU
		Release|Any CPU = Release|Any CPU
	EndGlobalSection
	GlobalSection(ProjectConfigurationPlatforms) = postSolution
		{36B5393F-730E-4A8F-8F35-D20543B51F01}.Debug|Any CPU.ActiveCfg = Debug|Any CPU
		{36B5393F-730E-4A8F-8F35-D20543B51F01}.Debug|Any CPU.Build.0 = Debug|Any CPU
		{36B5393F-730E-4A8F-8F35-D20543B51F01}.Release|Any CPU.ActiveCfg = Release|Any CPU
		{36B5393F-730E-4A8F-8F35-D20543B51F01}.Release|Any CPU.Build.0 = Release|Any CPU
	EndGlobalSection
	GlobalSection(SolutionProperties) = preSolution
		HideSolutionNode = FALSE
	EndGlobalSection
	GlobalSection(ExtensibilityGlobals) = postSolution
		SolutionGuid = {E7E48D0F-255F-4A33-BBDD-688EB3C26BBA}
	EndGlobalSection
EndGlobal
